PODS:
  - app_links (6.4.1):
    - Flutter
  - Flutter (1.0.0)
  - image_picker_ios (0.0.1):
    - Flutter
  - purchases_flutter (9.11.0):
    - Flutter
    - PurchasesHybridCommon (= 17.31.0)
  - purchases_ui_flutter (9.11.0):
    - Flutter
    - PurchasesHybridCommonUI (= 17.31.0)
  - PurchasesHybridCommon (17.31.0):
    - RevenueCat (= 5.57.0)
  - PurchasesHybridCommonUI (17.31.0):
    - PurchasesHybridCommon (= 17.31.0)
    - RevenueCatUI (= 5.57.0)
  - RevenueCat (5.57.0)
  - RevenueCatUI (5.57.0):
    - RevenueCat (= 5.57.0)
  - share_plus (0.0.1):
    - Flutter
  - shared_preferences_foundation (0.0.1):
    - Flutter
    - FlutterMacOS
  - url_launcher_ios (0.0.1):
    - Flutter

DEPENDENCIES:
  - app_links (from `.symlinks/plugins/app_links/ios`)
  - Flutter (from `Flutter`)
  - image_picker_ios (from `.symlinks/plugins/image_picker_ios/ios`)
  - purchases_flutter (from `.symlinks/plugins/purchases_flutter/ios`)
  - purchases_ui_flutter (from `.symlinks/plugins/purchases_ui_flutter/ios`)
  - share_plus (from `.symlinks/plugins/share_plus/ios`)
  - shared_preferences_foundation (from `.symlinks/plugins/shared_preferences_foundation/darwin`)
  - url_launcher_ios (from `.symlinks/plugins/url_launcher_ios/ios`)

SPEC REPOS:
  trunk:
    - PurchasesHybridCommon
    - PurchasesHybridCommonUI
    - RevenueCat
    - RevenueCatUI

EXTERNAL SOURCES:
  app_links:
    :path: ".symlinks/plugins/app_links/ios"
  Flutter:
    :path: Flutter
  image_picker_ios:
    :path: ".symlinks/plugins/image_picker_ios/ios"
  purchases_flutter:
    :path: ".symlinks/plugins/purchases_flutter/ios"
  purchases_ui_flutter:
    :path: ".symlinks/plugins/purchases_ui_flutter/ios"
  share_plus:
    :path: ".symlinks/plugins/share_plus/ios"
  shared_preferences_foundation:
    :path: ".symlinks/plugins/shared_preferences_foundation/darwin"
  url_launcher_ios:
    :path: ".symlinks/plugins/url_launcher_ios/ios"

SPEC CHECKSUMS:
  app_links: 585674be3c6661708e6cd794ab4f39fb9d8356f9
  Flutter: cabc95a1d2626b1b06e7179b784ebcf0c0cde467
  image_picker_ios: 4f2f91b01abdb52842a8e277617df877e40f905b
  purchases_flutter: a1a46023ec1b550943fa31b36774b69df96a45cb
  purchases_ui_flutter: 08cdbccc5a08be8b94a7d3332f09fc9d5c6dc079
  PurchasesHybridCommon: 21a11c5d66c8a52cf9aede45cecc2efe1551b98b
  PurchasesHybridCommonUI: 60fbb660ebbf224df733c90849c4f3b8f6819f4b
  RevenueCat: 2d8aa56c68fa8e92c0d669e5e797c4a93e284f20
  RevenueCatUI: 25c86cf10c6cb9e3e9f308c48df55b31bf7fdba5
  share_plus: c3fef564749587fc939ef86ffb283ceac0baf9f5
  shared_preferences_foundation: 5086985c1d43c5ba4d5e69a4e8083a389e2909e6
  url_launcher_ios: bb13df5870e8c4234ca12609d04010a21be43dfa

PODFILE CHECKSUM: 3c63482e143d1b91d2d2560aee9fb04ecc74ac7e

COCOAPODS: 1.16.2
